
Microsoft Visual Studio Solution File, Format Version 12.00
# Visual Studio Version 17
VisualStudioVersion = 17.14.36414.22 d17.14
MinimumVisualStudioVersion = 10.0.40219.1
Project("{FAE04EC0-301F-11D3-BF4B-00C04F79EFBC}") = "ParcialPOO_Ortega,RodriguezJesus.cs", "ParcialPOO_Ortega,RodriguezJesus.cs.csproj", "{6282CF5B-115D-4BB9-A5A6-42DDDE8C54CD}"
EndProject
Global
	GlobalSection(SolutionConfigurationPlatforms) = preSolution
		Debug|Any CPU = Debug|Any CPU
		Release|Any CPU = Release|Any CPU
	EndGlobalSection
	GlobalSection(ProjectConfigurationPlatforms) = postSolution
		{6282CF5B-115D-4BB9-A5A6-42DDDE8C54CD}.Debug|Any CPU.ActiveCfg = Debug|Any CPU
		{6282CF5B-115D-4BB9-A5A6-42DDDE8C54CD}.Debug|Any CPU.Build.0 = Debug|Any CPU
		{6282CF5B-115D-4BB9-A5A6-42DDDE8C54CD}.Release|Any CPU.ActiveCfg = Release|Any CPU
		{6282CF5B-115D-4BB9-A5A6-42DDDE8C54CD}.Release|Any CPU.Build.0 = Release|Any CPU
	EndGlobalSection
	GlobalSection(SolutionProperties) = preSolution
		HideSolutionNode = FALSE
	EndGlobalSection
	GlobalSection(ExtensibilityGlobals) = postSolution
		SolutionGuid = {14632F8E-51B4-45DC-B0D1-FE8420C1D7E6}
	EndGlobalSection
EndGlobal
