
Microsoft Visual Studio Solution File, Format Version 12.00
# Visual Studio Version 17
VisualStudioVersion = 17.14.36414.22 d17.14
MinimumVisualStudioVersion = 10.0.40219.1
Project("{FAE04EC0-301F-11D3-BF4B-00C04F79EFBC}") = "ConsoleAppCuento", "ConsoleAppCuento\ConsoleAppCuento.csproj", "{7093FB64-C541-40CD-9C00-56D9FA9B37E5}"
EndProject
Global
	GlobalSection(SolutionConfigurationPlatforms) = preSolution
		Debug|Any CPU = Debug|Any CPU
		Release|Any CPU = Release|Any CPU
	EndGlobalSection
	GlobalSection(ProjectConfigurationPlatforms) = postSolution
		{7093FB64-C541-40CD-9C00-56D9FA9B37E5}.Debug|Any CPU.ActiveCfg = Debug|Any CPU
		{7093FB64-C541-40CD-9C00-56D9FA9B37E5}.Debug|Any CPU.Build.0 = Debug|Any CPU
		{7093FB64-C541-40CD-9C00-56D9FA9B37E5}.Release|Any CPU.ActiveCfg = Release|Any CPU
		{7093FB64-C541-40CD-9C00-56D9FA9B37E5}.Release|Any CPU.Build.0 = Release|Any CPU
	EndGlobalSection
	GlobalSection(SolutionProperties) = preSolution
		HideSolutionNode = FALSE
	EndGlobalSection
	GlobalSection(ExtensibilityGlobals) = postSolution
		SolutionGuid = {4DDFDA12-5650-460A-8E73-E74F17734037}
	EndGlobalSection
EndGlobal
